
Microsoft Visual Studio Solution File, Format Version 12.00
# Visual Studio Version 17
VisualStudioVersion = 17.6.33815.320
MinimumVisualStudioVersion = 10.0.40219.1
Project("{9A19103F-16F7-4668-BE54-9A1E7A4F7556}") = "ReservationApp", "ReservationApp\ReservationApp.csproj", "{143CCC26-0DF4-4549-A848-700B583D669A}"
EndProject
Global
	GlobalSection(SolutionConfigurationPlatforms) = preSolution
		Debug|Any CPU = Debug|Any CPU
		Release|Any CPU = Release|Any CPU
	EndGlobalSection
	GlobalSection(ProjectConfigurationPlatforms) = postSolution
		{4A89DF1C-B979-427F-A45A-E5F4648249E5}.Debug|Any CPU.ActiveCfg = Debug|Any CPU
		{4A89DF1C-B979-427F-A45A-E5F4648249E5}.Debug|Any CPU.Build.0 = Debug|Any CPU
		{4A89DF1C-B979-427F-A45A-E5F4648249E5}.Release|Any CPU.ActiveCfg = Release|Any CPU
		{4A89DF1C-B979-427F-A45A-E5F4648249E5}.Release|Any CPU.Build.0 = Release|Any CPU
	EndGlobalSection
	GlobalSection(SolutionProperties) = preSolution
		HideSolutionNode = FALSE
	EndGlobalSection
	GlobalSection(ExtensibilityGlobals) = postSolution
		SolutionGuid = {7B1D2F35-EF45-42B1-B559-781128978BCF}
	EndGlobalSection
EndGlobal
